
Microsoft Visual Studio Solution File, Format Version 12.00
# Visual Studio Version 16
VisualStudioVersion = 16.0.33920.266
MinimumVisualStudioVersion = 10.0.40219.1
Project("{FAE04EC0-301F-11D3-BF4B-00C04F79EFBC}") = "CSharpTraining", "CSharpTraining\CSharpTraining.csproj", "{C6B84D60-ACB7-4395-A379-B80106B5BF8D}"
EndProject
Global
	GlobalSection(SolutionConfigurationPlatforms) = preSolution
		Debug|Any CPU = Debug|Any CPU
		Release|Any CPU = Release|Any CPU
	EndGlobalSection
	GlobalSection(ProjectConfigurationPlatforms) = postSolution
		{C6B84D60-ACB7-4395-A379-B80106B5BF8D}.Debug|Any CPU.ActiveCfg = Debug|Any CPU
		{C6B84D60-ACB7-4395-A379-B80106B5BF8D}.Debug|Any CPU.Build.0 = Debug|Any CPU
		{C6B84D60-ACB7-4395-A379-B80106B5BF8D}.Release|Any CPU.ActiveCfg = Release|Any CPU
		{C6B84D60-ACB7-4395-A379-B80106B5BF8D}.Release|Any CPU.Build.0 = Release|Any CPU
	EndGlobalSection
	GlobalSection(SolutionProperties) = preSolution
		HideSolutionNode = FALSE
	EndGlobalSection
	GlobalSection(ExtensibilityGlobals) = postSolution
		SolutionGuid = {4E33FE33-FB7B-4B98-8FCC-503C0EBBD444}
	EndGlobalSection
EndGlobal
